
Microsoft Visual Studio Solution File, Format Version 12.00
# Visual Studio 15
VisualStudioVersion = 15.0.28307.705
MinimumVisualStudioVersion = 10.0.40219.1
Project("{FAE04EC0-301F-11D3-BF4B-00C04F79EFBC}") = "TransactionAPI", "TransactionAPI\TransactionAPI.csproj", "{11023578-94ED-4E5D-8F8E-32DE096EA61B}"
EndProject
Global
	GlobalSection(SolutionConfigurationPlatforms) = preSolution
		Debug|Any CPU = Debug|Any CPU
		Release|Any CPU = Release|Any CPU
	EndGlobalSection
	GlobalSection(ProjectConfigurationPlatforms) = postSolution
		{11023578-94ED-4E5D-8F8E-32DE096EA61B}.Debug|Any CPU.ActiveCfg = Debug|Any CPU
		{11023578-94ED-4E5D-8F8E-32DE096EA61B}.Debug|Any CPU.Build.0 = Debug|Any CPU
		{11023578-94ED-4E5D-8F8E-32DE096EA61B}.Release|Any CPU.ActiveCfg = Release|Any CPU
		{11023578-94ED-4E5D-8F8E-32DE096EA61B}.Release|Any CPU.Build.0 = Release|Any CPU
	EndGlobalSection
	GlobalSection(SolutionProperties) = preSolution
		HideSolutionNode = FALSE
	EndGlobalSection
	GlobalSection(ExtensibilityGlobals) = postSolution
		SolutionGuid = {5D2E046F-1A4E-4EDF-B19D-9E7E60EE4912}
	EndGlobalSection
EndGlobal
